
Microsoft Visual Studio Solution File, Format Version 12.00
# Visual Studio 2012
Project("{FAE04EC0-301F-11D3-BF4B-00C04F79EFBC}") = "ProbelmSolution6.1", "ProbelmSolution6.1\ProbelmSolution6.1.csproj", "{21651A55-AE71-410C-8ED5-7D012C8517FE}"
EndProject
Global
	GlobalSection(SolutionConfigurationPlatforms) = preSolution
		Debug|Any CPU = Debug|Any CPU
		Release|Any CPU = Release|Any CPU
	EndGlobalSection
	GlobalSection(ProjectConfigurationPlatforms) = postSolution
		{21651A55-AE71-410C-8ED5-7D012C8517FE}.Debug|Any CPU.ActiveCfg = Debug|Any CPU
		{21651A55-AE71-410C-8ED5-7D012C8517FE}.Debug|Any CPU.Build.0 = Debug|Any CPU
		{21651A55-AE71-410C-8ED5-7D012C8517FE}.Release|Any CPU.ActiveCfg = Release|Any CPU
		{21651A55-AE71-410C-8ED5-7D012C8517FE}.Release|Any CPU.Build.0 = Release|Any CPU
	EndGlobalSection
	GlobalSection(SolutionProperties) = preSolution
		HideSolutionNode = FALSE
	EndGlobalSection
EndGlobal
