
Microsoft Visual Studio Solution File, Format Version 12.00
# Visual Studio 2012
Project("{FAE04EC0-301F-11D3-BF4B-00C04F79EFBC}") = "ProgramSolution1.10", "ProgramSolution1.10\ProgramSolution1.10.csproj", "{EA21662A-C50C-4AF6-A504-9C4798AB2FCF}"
EndProject
Global
	GlobalSection(SolutionConfigurationPlatforms) = preSolution
		Debug|Any CPU = Debug|Any CPU
		Release|Any CPU = Release|Any CPU
	EndGlobalSection
	GlobalSection(ProjectConfigurationPlatforms) = postSolution
		{EA21662A-C50C-4AF6-A504-9C4798AB2FCF}.Debug|Any CPU.ActiveCfg = Debug|Any CPU
		{EA21662A-C50C-4AF6-A504-9C4798AB2FCF}.Debug|Any CPU.Build.0 = Debug|Any CPU
		{EA21662A-C50C-4AF6-A504-9C4798AB2FCF}.Release|Any CPU.ActiveCfg = Release|Any CPU
		{EA21662A-C50C-4AF6-A504-9C4798AB2FCF}.Release|Any CPU.Build.0 = Release|Any CPU
	EndGlobalSection
	GlobalSection(SolutionProperties) = preSolution
		HideSolutionNode = FALSE
	EndGlobalSection
EndGlobal
