
Microsoft Visual Studio Solution File, Format Version 12.00
# Visual Studio 2012
Project("{FAE04EC0-301F-11D3-BF4B-00C04F79EFBC}") = "ProblemSolution8.14", "ProblemSolution8.14\ProblemSolution8.14.csproj", "{D5A5BC0F-A5A3-49E6-BB70-C0880D2B084F}"
EndProject
Global
	GlobalSection(SolutionConfigurationPlatforms) = preSolution
		Debug|Any CPU = Debug|Any CPU
		Release|Any CPU = Release|Any CPU
	EndGlobalSection
	GlobalSection(ProjectConfigurationPlatforms) = postSolution
		{D5A5BC0F-A5A3-49E6-BB70-C0880D2B084F}.Debug|Any CPU.ActiveCfg = Debug|Any CPU
		{D5A5BC0F-A5A3-49E6-BB70-C0880D2B084F}.Debug|Any CPU.Build.0 = Debug|Any CPU
		{D5A5BC0F-A5A3-49E6-BB70-C0880D2B084F}.Release|Any CPU.ActiveCfg = Release|Any CPU
		{D5A5BC0F-A5A3-49E6-BB70-C0880D2B084F}.Release|Any CPU.Build.0 = Release|Any CPU
	EndGlobalSection
	GlobalSection(SolutionProperties) = preSolution
		HideSolutionNode = FALSE
	EndGlobalSection
EndGlobal
