
Microsoft Visual Studio Solution File, Format Version 12.00
# Visual Studio 2012
Project("{FAE04EC0-301F-11D3-BF4B-00C04F79EFBC}") = "ProblemSolution1.1", "ProblemSolution1.1\ProblemSolution1.1.csproj", "{7AD4630E-F83C-4E31-B00C-EBD5936987CE}"
EndProject
Global
	GlobalSection(SolutionConfigurationPlatforms) = preSolution
		Debug|Any CPU = Debug|Any CPU
		Release|Any CPU = Release|Any CPU
	EndGlobalSection
	GlobalSection(ProjectConfigurationPlatforms) = postSolution
		{7AD4630E-F83C-4E31-B00C-EBD5936987CE}.Debug|Any CPU.ActiveCfg = Debug|Any CPU
		{7AD4630E-F83C-4E31-B00C-EBD5936987CE}.Debug|Any CPU.Build.0 = Debug|Any CPU
		{7AD4630E-F83C-4E31-B00C-EBD5936987CE}.Release|Any CPU.ActiveCfg = Release|Any CPU
		{7AD4630E-F83C-4E31-B00C-EBD5936987CE}.Release|Any CPU.Build.0 = Release|Any CPU
	EndGlobalSection
	GlobalSection(SolutionProperties) = preSolution
		HideSolutionNode = FALSE
	EndGlobalSection
EndGlobal
