
Microsoft Visual Studio Solution File, Format Version 12.00
# Visual Studio 2012
Project("{FAE04EC0-301F-11D3-BF4B-00C04F79EFBC}") = "ProblemSolution5.10", "ProblemSolution5.10\ProblemSolution5.10.csproj", "{1D24817E-D23A-4512-83D7-3CE4C7B2AA3C}"
EndProject
Global
	GlobalSection(SolutionConfigurationPlatforms) = preSolution
		Debug|Any CPU = Debug|Any CPU
		Release|Any CPU = Release|Any CPU
	EndGlobalSection
	GlobalSection(ProjectConfigurationPlatforms) = postSolution
		{1D24817E-D23A-4512-83D7-3CE4C7B2AA3C}.Debug|Any CPU.ActiveCfg = Debug|Any CPU
		{1D24817E-D23A-4512-83D7-3CE4C7B2AA3C}.Debug|Any CPU.Build.0 = Debug|Any CPU
		{1D24817E-D23A-4512-83D7-3CE4C7B2AA3C}.Release|Any CPU.ActiveCfg = Release|Any CPU
		{1D24817E-D23A-4512-83D7-3CE4C7B2AA3C}.Release|Any CPU.Build.0 = Release|Any CPU
	EndGlobalSection
	GlobalSection(SolutionProperties) = preSolution
		HideSolutionNode = FALSE
	EndGlobalSection
EndGlobal
