
Microsoft Visual Studio Solution File, Format Version 12.00
# Visual Studio 2012
Project("{FAE04EC0-301F-11D3-BF4B-00C04F79EFBC}") = "ProblemSolution6.15", "ProblemSolution6.15\ProblemSolution6.15.csproj", "{8CA423E9-94B5-4782-95F8-92498B0F94DB}"
EndProject
Global
	GlobalSection(SolutionConfigurationPlatforms) = preSolution
		Debug|Any CPU = Debug|Any CPU
		Release|Any CPU = Release|Any CPU
	EndGlobalSection
	GlobalSection(ProjectConfigurationPlatforms) = postSolution
		{8CA423E9-94B5-4782-95F8-92498B0F94DB}.Debug|Any CPU.ActiveCfg = Debug|Any CPU
		{8CA423E9-94B5-4782-95F8-92498B0F94DB}.Debug|Any CPU.Build.0 = Debug|Any CPU
		{8CA423E9-94B5-4782-95F8-92498B0F94DB}.Release|Any CPU.ActiveCfg = Release|Any CPU
		{8CA423E9-94B5-4782-95F8-92498B0F94DB}.Release|Any CPU.Build.0 = Release|Any CPU
	EndGlobalSection
	GlobalSection(SolutionProperties) = preSolution
		HideSolutionNode = FALSE
	EndGlobalSection
EndGlobal
