
Microsoft Visual Studio Solution File, Format Version 12.00
# Visual Studio 2012
Project("{FAE04EC0-301F-11D3-BF4B-00C04F79EFBC}") = "ProblemSolution3.20", "ProblemSolution3.20\ProblemSolution3.20.csproj", "{EB528D63-5199-4DE6-B8E5-BE45B99B796B}"
EndProject
Global
	GlobalSection(SolutionConfigurationPlatforms) = preSolution
		Debug|Any CPU = Debug|Any CPU
		Release|Any CPU = Release|Any CPU
	EndGlobalSection
	GlobalSection(ProjectConfigurationPlatforms) = postSolution
		{EB528D63-5199-4DE6-B8E5-BE45B99B796B}.Debug|Any CPU.ActiveCfg = Debug|Any CPU
		{EB528D63-5199-4DE6-B8E5-BE45B99B796B}.Debug|Any CPU.Build.0 = Debug|Any CPU
		{EB528D63-5199-4DE6-B8E5-BE45B99B796B}.Release|Any CPU.ActiveCfg = Release|Any CPU
		{EB528D63-5199-4DE6-B8E5-BE45B99B796B}.Release|Any CPU.Build.0 = Release|Any CPU
	EndGlobalSection
	GlobalSection(SolutionProperties) = preSolution
		HideSolutionNode = FALSE
	EndGlobalSection
EndGlobal
