
Microsoft Visual Studio Solution File, Format Version 12.00
# Visual Studio 2012
Project("{FAE04EC0-301F-11D3-BF4B-00C04F79EFBC}") = "ProbelmSolution6.18", "ProbelmSolution6.18\ProbelmSolution6.18.csproj", "{E8908CA3-F935-4DD8-B6DA-E2D797F593A6}"
EndProject
Global
	GlobalSection(SolutionConfigurationPlatforms) = preSolution
		Debug|Any CPU = Debug|Any CPU
		Release|Any CPU = Release|Any CPU
	EndGlobalSection
	GlobalSection(ProjectConfigurationPlatforms) = postSolution
		{E8908CA3-F935-4DD8-B6DA-E2D797F593A6}.Debug|Any CPU.ActiveCfg = Debug|Any CPU
		{E8908CA3-F935-4DD8-B6DA-E2D797F593A6}.Debug|Any CPU.Build.0 = Debug|Any CPU
		{E8908CA3-F935-4DD8-B6DA-E2D797F593A6}.Release|Any CPU.ActiveCfg = Release|Any CPU
		{E8908CA3-F935-4DD8-B6DA-E2D797F593A6}.Release|Any CPU.Build.0 = Release|Any CPU
	EndGlobalSection
	GlobalSection(SolutionProperties) = preSolution
		HideSolutionNode = FALSE
	EndGlobalSection
EndGlobal
