
Microsoft Visual Studio Solution File, Format Version 12.00
# Visual Studio 2012
Project("{FAE04EC0-301F-11D3-BF4B-00C04F79EFBC}") = "ProblemSolution7.5", "ProblemSolution7.5\ProblemSolution7.5.csproj", "{FCDAE03B-A93D-4E77-9022-8CB00F3F5A46}"
EndProject
Global
	GlobalSection(SolutionConfigurationPlatforms) = preSolution
		Debug|Any CPU = Debug|Any CPU
		Release|Any CPU = Release|Any CPU
	EndGlobalSection
	GlobalSection(ProjectConfigurationPlatforms) = postSolution
		{FCDAE03B-A93D-4E77-9022-8CB00F3F5A46}.Debug|Any CPU.ActiveCfg = Debug|Any CPU
		{FCDAE03B-A93D-4E77-9022-8CB00F3F5A46}.Debug|Any CPU.Build.0 = Debug|Any CPU
		{FCDAE03B-A93D-4E77-9022-8CB00F3F5A46}.Release|Any CPU.ActiveCfg = Release|Any CPU
		{FCDAE03B-A93D-4E77-9022-8CB00F3F5A46}.Release|Any CPU.Build.0 = Release|Any CPU
	EndGlobalSection
	GlobalSection(SolutionProperties) = preSolution
		HideSolutionNode = FALSE
	EndGlobalSection
EndGlobal
