
Microsoft Visual Studio Solution File, Format Version 12.00
# Visual Studio 2012
Project("{FAE04EC0-301F-11D3-BF4B-00C04F79EFBC}") = "ProblemSolution1.4", "ProblemSolution1.4\ProblemSolution1.4.csproj", "{DFCA8306-2865-4DD0-A4B0-2CEDD1678196}"
EndProject
Global
	GlobalSection(SolutionConfigurationPlatforms) = preSolution
		Debug|Any CPU = Debug|Any CPU
		Release|Any CPU = Release|Any CPU
	EndGlobalSection
	GlobalSection(ProjectConfigurationPlatforms) = postSolution
		{DFCA8306-2865-4DD0-A4B0-2CEDD1678196}.Debug|Any CPU.ActiveCfg = Debug|Any CPU
		{DFCA8306-2865-4DD0-A4B0-2CEDD1678196}.Debug|Any CPU.Build.0 = Debug|Any CPU
		{DFCA8306-2865-4DD0-A4B0-2CEDD1678196}.Release|Any CPU.ActiveCfg = Release|Any CPU
		{DFCA8306-2865-4DD0-A4B0-2CEDD1678196}.Release|Any CPU.Build.0 = Release|Any CPU
	EndGlobalSection
	GlobalSection(SolutionProperties) = preSolution
		HideSolutionNode = FALSE
	EndGlobalSection
EndGlobal
